
Microsoft Visual Studio Solution File, Format Version 12.00
# Visual Studio Version 16
VisualStudioVersion = 16.0.30907.101
MinimumVisualStudioVersion = 10.0.40219.1
Project("{FAE04EC0-301F-11D3-BF4B-00C04F79EFBC}") = "MassFileRenamer.Console", "MassFileRenamer\MassFileRenamer.Console.csproj", "{D3545EBF-F159-4681-BAD3-25DBBB1860A8}"
EndProject
Project("{FAE04EC0-301F-11D3-BF4B-00C04F79EFBC}") = "MassFileRenamer.Objects", "MassFileRenamer.Objects\MassFileRenamer.Objects.csproj", "{84C1F71A-AAA4-4A08-9728-19E710965E4D}"
EndProject
Project("{FAE04EC0-301F-11D3-BF4B-00C04F79EFBC}") = "MassFileRenamer.GUI", "MassFileRenamer.GUI\MassFileRenamer.GUI.csproj", "{F1AA54DD-684F-45CC-A5B7-766AE9E75634}"
EndProject
Project("{FAE04EC0-301F-11D3-BF4B-00C04F79EFBC}") = "xyLOGIX.Core.Extensions", "..\xyLOGIX.Core.Extensions.VS2019\xyLOGIX.Core.Extensions\xyLOGIX.Core.Extensions.csproj", "{5528D7FB-B88B-4E9D-9BBD-B6B6B893666A}"
EndProject
Project("{2150E333-8FDC-42A3-9474-1A3956D46DE8}") = "Solution Items", "Solution Items", "{121CE6A2-26D8-4B51-8916-C5AB8EA6029B}"
	ProjectSection(SolutionItems) = preProject
		.editorconfig = .editorconfig
	EndProjectSection
EndProject
Project("{FAE04EC0-301F-11D3-BF4B-00C04F79EFBC}") = "xyLOGIX.Core.Debug", "..\xyLOGIX.Core.Debug.VS2019\xyLOGIX.Core.Debug\xyLOGIX.Core.Debug.csproj", "{2E4EDA4F-0D3A-442F-87B5-F0224F596A80}"
EndProject
Project("{FAE04EC0-301F-11D3-BF4B-00C04F79EFBC}") = "MassFileRenamer.Objects.Tests", "MassFileRenamer.Objects.Tests\MassFileRenamer.Objects.Tests.csproj", "{6A5BF1D0-66A7-4350-A26D-15A0CF0DDB5A}"
EndProject
Project("{FAE04EC0-301F-11D3-BF4B-00C04F79EFBC}") = "xyLOGIX.Queues.Messages.Models", "..\xyLOGIX.Queues.Messages\xyLOGIX.Queues.Messages.Models\xyLOGIX.Queues.Messages.Models.csproj", "{40919A13-6676-4C0C-834C-D21B8C29D256}"
EndProject
Project("{FAE04EC0-301F-11D3-BF4B-00C04F79EFBC}") = "xyLOGIX.Queues.Messages.Interfaces", "..\xyLOGIX.Queues.Messages\xyLOGIX.Queues.Messages.Interfaces\xyLOGIX.Queues.Messages.Interfaces.csproj", "{9853CAC0-2EA1-440E-80B8-F4F42129868A}"
EndProject
Project("{FAE04EC0-301F-11D3-BF4B-00C04F79EFBC}") = "xyLOGIX.Queues.Messages.Events", "..\xyLOGIX.Queues.Messages\xyLOGIX.Queues.Messages.Events\xyLOGIX.Queues.Messages.Events.csproj", "{BB924F16-86CB-452D-9D11-5CF9954151A2}"
EndProject
Project("{FAE04EC0-301F-11D3-BF4B-00C04F79EFBC}") = "xyLOGIX.Queues.Messages", "..\xyLOGIX.Queues.Messages\xyLOGIX.Queues.Messages\xyLOGIX.Queues.Messages.csproj", "{4D8579D8-33E9-4BE6-9155-330F87548EB7}"
EndProject
Global
	GlobalSection(SolutionConfigurationPlatforms) = preSolution
		Debug|x64 = Debug|x64
		Debug|x86 = Debug|x86
		Release|x64 = Release|x64
		Release|x86 = Release|x86
	EndGlobalSection
	GlobalSection(ProjectConfigurationPlatforms) = postSolution
		{D3545EBF-F159-4681-BAD3-25DBBB1860A8}.Debug|x64.ActiveCfg = Debug|x64
		{D3545EBF-F159-4681-BAD3-25DBBB1860A8}.Debug|x64.Build.0 = Debug|x64
		{D3545EBF-F159-4681-BAD3-25DBBB1860A8}.Debug|x86.ActiveCfg = Debug|x86
		{D3545EBF-F159-4681-BAD3-25DBBB1860A8}.Debug|x86.Build.0 = Debug|x86
		{D3545EBF-F159-4681-BAD3-25DBBB1860A8}.Release|x64.ActiveCfg = Release|x64
		{D3545EBF-F159-4681-BAD3-25DBBB1860A8}.Release|x64.Build.0 = Release|x64
		{D3545EBF-F159-4681-BAD3-25DBBB1860A8}.Release|x86.ActiveCfg = Release|x86
		{D3545EBF-F159-4681-BAD3-25DBBB1860A8}.Release|x86.Build.0 = Release|x86
		{84C1F71A-AAA4-4A08-9728-19E710965E4D}.Debug|x64.ActiveCfg = Debug|x64
		{84C1F71A-AAA4-4A08-9728-19E710965E4D}.Debug|x64.Build.0 = Debug|x64
		{84C1F71A-AAA4-4A08-9728-19E710965E4D}.Debug|x86.ActiveCfg = Debug|x86
		{84C1F71A-AAA4-4A08-9728-19E710965E4D}.Debug|x86.Build.0 = Debug|x86
		{84C1F71A-AAA4-4A08-9728-19E710965E4D}.Release|x64.ActiveCfg = Release|x64
		{84C1F71A-AAA4-4A08-9728-19E710965E4D}.Release|x64.Build.0 = Release|x64
		{84C1F71A-AAA4-4A08-9728-19E710965E4D}.Release|x86.ActiveCfg = Release|x86
		{84C1F71A-AAA4-4A08-9728-19E710965E4D}.Release|x86.Build.0 = Release|x86
		{F1AA54DD-684F-45CC-A5B7-766AE9E75634}.Debug|x64.ActiveCfg = Debug|x64
		{F1AA54DD-684F-45CC-A5B7-766AE9E75634}.Debug|x64.Build.0 = Debug|x64
		{F1AA54DD-684F-45CC-A5B7-766AE9E75634}.Debug|x86.ActiveCfg = Debug|x86
		{F1AA54DD-684F-45CC-A5B7-766AE9E75634}.Debug|x86.Build.0 = Debug|x86
		{F1AA54DD-684F-45CC-A5B7-766AE9E75634}.Release|x64.ActiveCfg = Release|x64
		{F1AA54DD-684F-45CC-A5B7-766AE9E75634}.Release|x64.Build.0 = Release|x64
		{F1AA54DD-684F-45CC-A5B7-766AE9E75634}.Release|x86.ActiveCfg = Release|x86
		{F1AA54DD-684F-45CC-A5B7-766AE9E75634}.Release|x86.Build.0 = Release|x86
		{5528D7FB-B88B-4E9D-9BBD-B6B6B893666A}.Debug|x64.ActiveCfg = Debug|x64
		{5528D7FB-B88B-4E9D-9BBD-B6B6B893666A}.Debug|x64.Build.0 = Debug|x64
		{5528D7FB-B88B-4E9D-9BBD-B6B6B893666A}.Debug|x86.ActiveCfg = Debug|x86
		{5528D7FB-B88B-4E9D-9BBD-B6B6B893666A}.Debug|x86.Build.0 = Debug|x86
		{5528D7FB-B88B-4E9D-9BBD-B6B6B893666A}.Release|x64.ActiveCfg = Release|x64
		{5528D7FB-B88B-4E9D-9BBD-B6B6B893666A}.Release|x64.Build.0 = Release|x64
		{5528D7FB-B88B-4E9D-9BBD-B6B6B893666A}.Release|x86.ActiveCfg = Release|x86
		{5528D7FB-B88B-4E9D-9BBD-B6B6B893666A}.Release|x86.Build.0 = Release|x86
		{2E4EDA4F-0D3A-442F-87B5-F0224F596A80}.Debug|x64.ActiveCfg = Debug|x64
		{2E4EDA4F-0D3A-442F-87B5-F0224F596A80}.Debug|x64.Build.0 = Debug|x64
		{2E4EDA4F-0D3A-442F-87B5-F0224F596A80}.Debug|x86.ActiveCfg = Debug|x86
		{2E4EDA4F-0D3A-442F-87B5-F0224F596A80}.Debug|x86.Build.0 = Debug|x86
		{2E4EDA4F-0D3A-442F-87B5-F0224F596A80}.Release|x64.ActiveCfg = Release|x64
		{2E4EDA4F-0D3A-442F-87B5-F0224F596A80}.Release|x64.Build.0 = Release|x64
		{2E4EDA4F-0D3A-442F-87B5-F0224F596A80}.Release|x86.ActiveCfg = Release|x86
		{2E4EDA4F-0D3A-442F-87B5-F0224F596A80}.Release|x86.Build.0 = Release|x86
		{6A5BF1D0-66A7-4350-A26D-15A0CF0DDB5A}.Debug|x64.ActiveCfg = Debug|x64
		{6A5BF1D0-66A7-4350-A26D-15A0CF0DDB5A}.Debug|x64.Build.0 = Debug|x64
		{6A5BF1D0-66A7-4350-A26D-15A0CF0DDB5A}.Debug|x86.ActiveCfg = Debug|x86
		{6A5BF1D0-66A7-4350-A26D-15A0CF0DDB5A}.Debug|x86.Build.0 = Debug|x86
		{6A5BF1D0-66A7-4350-A26D-15A0CF0DDB5A}.Release|x64.ActiveCfg = Release|x64
		{6A5BF1D0-66A7-4350-A26D-15A0CF0DDB5A}.Release|x64.Build.0 = Release|x64
		{6A5BF1D0-66A7-4350-A26D-15A0CF0DDB5A}.Release|x86.ActiveCfg = Release|x86
		{6A5BF1D0-66A7-4350-A26D-15A0CF0DDB5A}.Release|x86.Build.0 = Release|x86
		{40919A13-6676-4C0C-834C-D21B8C29D256}.Debug|x64.ActiveCfg = Debug|x64
		{40919A13-6676-4C0C-834C-D21B8C29D256}.Debug|x64.Build.0 = Debug|x64
		{40919A13-6676-4C0C-834C-D21B8C29D256}.Debug|x86.ActiveCfg = Debug|x86
		{40919A13-6676-4C0C-834C-D21B8C29D256}.Debug|x86.Build.0 = Debug|x86
		{40919A13-6676-4C0C-834C-D21B8C29D256}.Release|x64.ActiveCfg = Release|x64
		{40919A13-6676-4C0C-834C-D21B8C29D256}.Release|x64.Build.0 = Release|x64
		{40919A13-6676-4C0C-834C-D21B8C29D256}.Release|x86.ActiveCfg = Release|x86
		{40919A13-6676-4C0C-834C-D21B8C29D256}.Release|x86.Build.0 = Release|x86
		{9853CAC0-2EA1-440E-80B8-F4F42129868A}.Debug|x64.ActiveCfg = Debug|x64
		{9853CAC0-2EA1-440E-80B8-F4F42129868A}.Debug|x64.Build.0 = Debug|x64
		{9853CAC0-2EA1-440E-80B8-F4F42129868A}.Debug|x86.ActiveCfg = Debug|x86
		{9853CAC0-2EA1-440E-80B8-F4F42129868A}.Debug|x86.Build.0 = Debug|x86
		{9853CAC0-2EA1-440E-80B8-F4F42129868A}.Release|x64.ActiveCfg = Release|x64
		{9853CAC0-2EA1-440E-80B8-F4F42129868A}.Release|x64.Build.0 = Release|x64
		{9853CAC0-2EA1-440E-80B8-F4F42129868A}.Release|x86.ActiveCfg = Release|x86
		{9853CAC0-2EA1-440E-80B8-F4F42129868A}.Release|x86.Build.0 = Release|x86
		{BB924F16-86CB-452D-9D11-5CF9954151A2}.Debug|x64.ActiveCfg = Debug|x64
		{BB924F16-86CB-452D-9D11-5CF9954151A2}.Debug|x64.Build.0 = Debug|x64
		{BB924F16-86CB-452D-9D11-5CF9954151A2}.Debug|x86.ActiveCfg = Debug|x86
		{BB924F16-86CB-452D-9D11-5CF9954151A2}.Debug|x86.Build.0 = Debug|x86
		{BB924F16-86CB-452D-9D11-5CF9954151A2}.Release|x64.ActiveCfg = Release|x64
		{BB924F16-86CB-452D-9D11-5CF9954151A2}.Release|x64.Build.0 = Release|x64
		{BB924F16-86CB-452D-9D11-5CF9954151A2}.Release|x86.ActiveCfg = Release|x86
		{BB924F16-86CB-452D-9D11-5CF9954151A2}.Release|x86.Build.0 = Release|x86
		{4D8579D8-33E9-4BE6-9155-330F87548EB7}.Debug|x64.ActiveCfg = Debug|x64
		{4D8579D8-33E9-4BE6-9155-330F87548EB7}.Debug|x64.Build.0 = Debug|x64
		{4D8579D8-33E9-4BE6-9155-330F87548EB7}.Debug|x86.ActiveCfg = Debug|x86
		{4D8579D8-33E9-4BE6-9155-330F87548EB7}.Debug|x86.Build.0 = Debug|x86
		{4D8579D8-33E9-4BE6-9155-330F87548EB7}.Release|x64.ActiveCfg = Release|x64
		{4D8579D8-33E9-4BE6-9155-330F87548EB7}.Release|x64.Build.0 = Release|x64
		{4D8579D8-33E9-4BE6-9155-330F87548EB7}.Release|x86.ActiveCfg = Release|x86
		{4D8579D8-33E9-4BE6-9155-330F87548EB7}.Release|x86.Build.0 = Release|x86
	EndGlobalSection
	GlobalSection(SolutionProperties) = preSolution
		HideSolutionNode = FALSE
	EndGlobalSection
	GlobalSection(ExtensibilityGlobals) = postSolution
		SolutionGuid = {E13E7C89-941E-4C5A-9228-80AAA4B5CD77}
	EndGlobalSection
EndGlobal
